
Microsoft Visual Studio Solution File, Format Version 12.00
# Visual Studio Version 17
VisualStudioVersion = 17.3.32825.248
MinimumVisualStudioVersion = 10.0.40219.1
Project("{FAE04EC0-301F-11D3-BF4B-00C04F79EFBC}") = "WebMVC", "WebMVC\WebMVC.csproj", "{BB499F52-B7A1-4B7D-99CA-AE9D791EFBEF}"
EndProject
Global
	GlobalSection(SolutionConfigurationPlatforms) = preSolution
		Debug|Any CPU = Debug|Any CPU
		Release|Any CPU = Release|Any CPU
	EndGlobalSection
	GlobalSection(ProjectConfigurationPlatforms) = postSolution
		{BB499F52-B7A1-4B7D-99CA-AE9D791EFBEF}.Debug|Any CPU.ActiveCfg = Debug|Any CPU
		{BB499F52-B7A1-4B7D-99CA-AE9D791EFBEF}.Debug|Any CPU.Build.0 = Debug|Any CPU
		{BB499F52-B7A1-4B7D-99CA-AE9D791EFBEF}.Release|Any CPU.ActiveCfg = Release|Any CPU
		{BB499F52-B7A1-4B7D-99CA-AE9D791EFBEF}.Release|Any CPU.Build.0 = Release|Any CPU
	EndGlobalSection
	GlobalSection(SolutionProperties) = preSolution
		HideSolutionNode = FALSE
	EndGlobalSection
	GlobalSection(ExtensibilityGlobals) = postSolution
		SolutionGuid = {648D72FE-8C93-4242-AF91-628E11D349EC}
	EndGlobalSection
EndGlobal
